lockfileVersion: "9.0"

settings:
  autoInstallPeers: true
  excludeLinksFromLockfile: false

importers:
  .:
    dependencies:
      "@types/node":
        specifier: ^22.10.2
        version: 22.10.2
      deepmerge-ts:
        specifier: ^7.1.4
        version: 7.1.4
      type-fest:
        specifier: ^4.32.0
        version: 4.32.0
    devDependencies:
      typescript:
        specifier: ~5.6.2
        version: 5.6.3

packages:
  "@types/node@22.10.2":
    resolution: {
      integrity: sha512-Xxr6BBRCAOQixvonOye19wnzyDiUtTeqldOOmj3CkeblonbccA12PFwlufvRdrpjXxqnmUaeiU5EOA+7s5diUQ==,
    }

  deepmerge-ts@7.1.4:
    resolution: {
      integrity: sha512-fxqo6nHGQ9zOVgI4KXqtWXJR/yCLtC7aXIVq+6jc8tHPFUxlFmuUcm2kC4vztQ+LJxQ3gER/XAWearGYQ8niGA==,
    }
    engines: { node: ">=16.0.0" }

  type-fest@4.32.0:
    resolution: {
      integrity: sha512-rfgpoi08xagF3JSdtJlCwMq9DGNDE0IMh3Mkpc1wUypg9vPi786AiqeBBKcqvIkq42azsBM85N490fyZjeUftw==,
    }
    engines: { node: ">=16" }

  typescript@5.6.3:
    resolution: {
      integrity: sha512-hjcS1mhfuyi4WW8IWtjP7brDrG2cuDZukyrYrSauoXGNgx0S7zceP07adYkJycEr56BOUTNPzbInooiN3fn1qw==,
    }
    engines: { node: ">=14.17" }
    hasBin: true

  undici-types@6.20.0:
    resolution: {
      integrity: sha512-Ny6QZ2Nju20vw1SRHe3d9jVu6gJ+4e3+MMpqu7pqE5HT6WsTSlce++GQmK5UXS8mzV8DSYHrQH+Xrf2jVcuKNg==,
    }

snapshots:
  "@types/node@22.10.2":
    dependencies:
      undici-types: 6.20.0

  deepmerge-ts@7.1.4: {}

  type-fest@4.32.0: {}

  typescript@5.6.3: {}

  undici-types@6.20.0: {}
